
Microsoft Visual Studio Solution File, Format Version 12.00
# Visual Studio 15
VisualStudioVersion = 15.0.27703.2000
MinimumVisualStudioVersion = 10.0.40219.1
Project("{9A19103F-16F7-4668-BE54-9A1E7A4F7556}") = "ParamTest", "ParamTest.csproj", "{D27F0B8D-CC6F-448C-BF68-F688F1FF0CE9}"
EndProject
Global
	GlobalSection(SolutionConfigurationPlatforms) = preSolution
		Debug|Any CPU = Debug|Any CPU
		Release|Any CPU = Release|Any CPU
	EndGlobalSection
	GlobalSection(ProjectConfigurationPlatforms) = postSolution
		{D27F0B8D-CC6F-448C-BF68-F688F1FF0CE9}.Debug|Any CPU.ActiveCfg = Debug|Any CPU
		{D27F0B8D-CC6F-448C-BF68-F688F1FF0CE9}.Debug|Any CPU.Build.0 = Debug|Any CPU
		{D27F0B8D-CC6F-448C-BF68-F688F1FF0CE9}.Release|Any CPU.ActiveCfg = Release|Any CPU
		{D27F0B8D-CC6F-448C-BF68-F688F1FF0CE9}.Release|Any CPU.Build.0 = Release|Any CPU
	EndGlobalSection
	GlobalSection(SolutionProperties) = preSolution
		HideSolutionNode = FALSE
	EndGlobalSection
	GlobalSection(ExtensibilityGlobals) = postSolution
		SolutionGuid = {E59620CF-9349-4B68-8256-871BEDBAE3E4}
	EndGlobalSection
EndGlobal
