
Microsoft Visual Studio Solution File, Format Version 12.00
# Visual Studio 15
VisualStudioVersion = 15.0.27130.2024
MinimumVisualStudioVersion = 10.0.40219.1
Project("{FAE04EC0-301F-11D3-BF4B-00C04F79EFBC}") = "FirstLookAtInterface", "ConsoleApp1\FirstLookAtInterface.csproj", "{26C82016-E6EA-45D5-A7BD-E55FB19AD3F1}"
EndProject
Global
	GlobalSection(SolutionConfigurationPlatforms) = preSolution
		Debug|Any CPU = Debug|Any CPU
		Release|Any CPU = Release|Any CPU
	EndGlobalSection
	GlobalSection(ProjectConfigurationPlatforms) = postSolution
		{26C82016-E6EA-45D5-A7BD-E55FB19AD3F1}.Debug|Any CPU.ActiveCfg = Debug|Any CPU
		{26C82016-E6EA-45D5-A7BD-E55FB19AD3F1}.Debug|Any CPU.Build.0 = Debug|Any CPU
		{26C82016-E6EA-45D5-A7BD-E55FB19AD3F1}.Release|Any CPU.ActiveCfg = Release|Any CPU
		{26C82016-E6EA-45D5-A7BD-E55FB19AD3F1}.Release|Any CPU.Build.0 = Release|Any CPU
	EndGlobalSection
	GlobalSection(SolutionProperties) = preSolution
		HideSolutionNode = FALSE
	EndGlobalSection
	GlobalSection(ExtensibilityGlobals) = postSolution
		SolutionGuid = {2A455A1B-A274-4C5E-AD0A-FDBB7437234B}
	EndGlobalSection
EndGlobal
